
Microsoft Visual Studio Solution File, Format Version 12.00
# Visual Studio Version 17
VisualStudioVersion = 17.11.35219.272
MinimumVisualStudioVersion = 10.0.40219.1
Project("{FAE04EC0-301F-11D3-BF4B-00C04F79EFBC}") = "Server", "Server\Server.csproj", "{8B574054-2793-4609-BE37-E378B6873AE5}"
EndProject
Project("{FAE04EC0-301F-11D3-BF4B-00C04F79EFBC}") = "Client", "Client\Client.csproj", "{09F2D5AF-0B32-4EA3-B58D-C2A401EA2A3D}"
EndProject
Project("{FAE04EC0-301F-11D3-BF4B-00C04F79EFBC}") = "BaseLibrary", "BaseLibrary\BaseLibrary.csproj", "{A32B070D-E959-4E17-A961-3E702688CC64}"
EndProject
Project("{FAE04EC0-301F-11D3-BF4B-00C04F79EFBC}") = "ClientLibrary", "ClientLibrary\ClientLibrary.csproj", "{7F8D78B9-4AF4-4899-868D-B2709AA77A2E}"
EndProject
Project("{FAE04EC0-301F-11D3-BF4B-00C04F79EFBC}") = "ServerLibrary", "ServerLibrary\ServerLibrary.csproj", "{CC7132EB-5336-4DBD-8CF2-0C8559BC68D3}"
EndProject
Global
	GlobalSection(SolutionConfigurationPlatforms) = preSolution
		Debug|Any CPU = Debug|Any CPU
		Release|Any CPU = Release|Any CPU
	EndGlobalSection
	GlobalSection(ProjectConfigurationPlatforms) = postSolution
		{8B574054-2793-4609-BE37-E378B6873AE5}.Debug|Any CPU.ActiveCfg = Debug|Any CPU
		{8B574054-2793-4609-BE37-E378B6873AE5}.Debug|Any CPU.Build.0 = Debug|Any CPU
		{8B574054-2793-4609-BE37-E378B6873AE5}.Release|Any CPU.ActiveCfg = Release|Any CPU
		{8B574054-2793-4609-BE37-E378B6873AE5}.Release|Any CPU.Build.0 = Release|Any CPU
		{09F2D5AF-0B32-4EA3-B58D-C2A401EA2A3D}.Debug|Any CPU.ActiveCfg = Debug|Any CPU
		{09F2D5AF-0B32-4EA3-B58D-C2A401EA2A3D}.Debug|Any CPU.Build.0 = Debug|Any CPU
		{09F2D5AF-0B32-4EA3-B58D-C2A401EA2A3D}.Release|Any CPU.ActiveCfg = Release|Any CPU
		{09F2D5AF-0B32-4EA3-B58D-C2A401EA2A3D}.Release|Any CPU.Build.0 = Release|Any CPU
		{A32B070D-E959-4E17-A961-3E702688CC64}.Debug|Any CPU.ActiveCfg = Debug|Any CPU
		{A32B070D-E959-4E17-A961-3E702688CC64}.Debug|Any CPU.Build.0 = Debug|Any CPU
		{A32B070D-E959-4E17-A961-3E702688CC64}.Release|Any CPU.ActiveCfg = Release|Any CPU
		{A32B070D-E959-4E17-A961-3E702688CC64}.Release|Any CPU.Build.0 = Release|Any CPU
		{7F8D78B9-4AF4-4899-868D-B2709AA77A2E}.Debug|Any CPU.ActiveCfg = Debug|Any CPU
		{7F8D78B9-4AF4-4899-868D-B2709AA77A2E}.Debug|Any CPU.Build.0 = Debug|Any CPU
		{7F8D78B9-4AF4-4899-868D-B2709AA77A2E}.Release|Any CPU.ActiveCfg = Release|Any CPU
		{7F8D78B9-4AF4-4899-868D-B2709AA77A2E}.Release|Any CPU.Build.0 = Release|Any CPU
		{CC7132EB-5336-4DBD-8CF2-0C8559BC68D3}.Debug|Any CPU.ActiveCfg = Debug|Any CPU
		{CC7132EB-5336-4DBD-8CF2-0C8559BC68D3}.Debug|Any CPU.Build.0 = Debug|Any CPU
		{CC7132EB-5336-4DBD-8CF2-0C8559BC68D3}.Release|Any CPU.ActiveCfg = Release|Any CPU
		{CC7132EB-5336-4DBD-8CF2-0C8559BC68D3}.Release|Any CPU.Build.0 = Release|Any CPU
	EndGlobalSection
	GlobalSection(SolutionProperties) = preSolution
		HideSolutionNode = FALSE
	EndGlobalSection
	GlobalSection(ExtensibilityGlobals) = postSolution
		SolutionGuid = {9E72CCE0-DA86-4ADD-9143-5A513CD55089}
	EndGlobalSection
EndGlobal
